
Microsoft Visual Studio Solution File, Format Version 12.00
# Visual Studio Version 17
VisualStudioVersion = 17.3.32922.545
MinimumVisualStudioVersion = 10.0.40219.1
Project("{FAE04EC0-301F-11D3-BF4B-00C04F79EFBC}") = "BB-8", "BB-8\BB-8.csproj", "{9978C07E-52FA-4140-8518-B73C12E99E57}"
EndProject
Global
	GlobalSection(SolutionConfigurationPlatforms) = preSolution
		Debug|Any CPU = Debug|Any CPU
		Release|Any CPU = Release|Any CPU
	EndGlobalSection
	GlobalSection(ProjectConfigurationPlatforms) = postSolution
		{9978C07E-52FA-4140-8518-B73C12E99E57}.Debug|Any CPU.ActiveCfg = Debug|Any CPU
		{9978C07E-52FA-4140-8518-B73C12E99E57}.Debug|Any CPU.Build.0 = Debug|Any CPU
		{9978C07E-52FA-4140-8518-B73C12E99E57}.Release|Any CPU.ActiveCfg = Release|Any CPU
		{9978C07E-52FA-4140-8518-B73C12E99E57}.Release|Any CPU.Build.0 = Release|Any CPU
	EndGlobalSection
	GlobalSection(SolutionProperties) = preSolution
		HideSolutionNode = FALSE
	EndGlobalSection
	GlobalSection(ExtensibilityGlobals) = postSolution
		SolutionGuid = {CF4761C9-669F-4F02-9CD5-E6F76D29D204}
	EndGlobalSection
EndGlobal
